
Microsoft Visual Studio Solution File, Format Version 12.00
# Visual Studio Version 16
VisualStudioVersion = 16.0.29519.181
MinimumVisualStudioVersion = 10.0.40219.1
Project("{FAE04EC0-301F-11D3-BF4B-00C04F79EFBC}") = "ChatBot", "ChatBot.csproj", "{AF9E7D18-561A-482D-BC47-59258F708FEE}"
EndProject
Global
	GlobalSection(SolutionConfigurationPlatforms) = preSolution
		Debug|Any CPU = Debug|Any CPU
		Release|Any CPU = Release|Any CPU
	EndGlobalSection
	GlobalSection(ProjectConfigurationPlatforms) = postSolution
		{AF9E7D18-561A-482D-BC47-59258F708FEE}.Debug|Any CPU.ActiveCfg = Debug|Any CPU
		{AF9E7D18-561A-482D-BC47-59258F708FEE}.Debug|Any CPU.Build.0 = Debug|Any CPU
		{AF9E7D18-561A-482D-BC47-59258F708FEE}.Release|Any CPU.ActiveCfg = Release|Any CPU
		{AF9E7D18-561A-482D-BC47-59258F708FEE}.Release|Any CPU.Build.0 = Release|Any CPU
	EndGlobalSection
	GlobalSection(SolutionProperties) = preSolution
		HideSolutionNode = FALSE
	EndGlobalSection
	GlobalSection(ExtensibilityGlobals) = postSolution
		SolutionGuid = {8785E30E-DBB5-4E6D-B197-F93F6C092742}
	EndGlobalSection
EndGlobal
