
Microsoft Visual Studio Solution File, Format Version 12.00
# Visual Studio Version 16
VisualStudioVersion = 16.0.29728.190
MinimumVisualStudioVersion = 10.0.40219.1
Project("{FAE04EC0-301F-11D3-BF4B-00C04F79EFBC}") = "ChatAssistant", "ChatAssistant.csproj", "{347F56E1-C7E8-42DC-AAA6-EF3DDB649C7E}"
EndProject
Project("{9A19103F-16F7-4668-BE54-9A1E7A4F7556}") = "WebAPITest", "..\WebAPITest\WebAPITest.csproj", "{15217ED0-8060-49BC-9853-823A9938011C}"
EndProject
Global
	GlobalSection(SolutionConfigurationPlatforms) = preSolution
		Debug|Any CPU = Debug|Any CPU
		Release|Any CPU = Release|Any CPU
	EndGlobalSection
	GlobalSection(ProjectConfigurationPlatforms) = postSolution
		{347F56E1-C7E8-42DC-AAA6-EF3DDB649C7E}.Debug|Any CPU.ActiveCfg = Debug|Any CPU
		{347F56E1-C7E8-42DC-AAA6-EF3DDB649C7E}.Debug|Any CPU.Build.0 = Debug|Any CPU
		{347F56E1-C7E8-42DC-AAA6-EF3DDB649C7E}.Release|Any CPU.ActiveCfg = Release|Any CPU
		{347F56E1-C7E8-42DC-AAA6-EF3DDB649C7E}.Release|Any CPU.Build.0 = Release|Any CPU
		{15217ED0-8060-49BC-9853-823A9938011C}.Debug|Any CPU.ActiveCfg = Debug|Any CPU
		{15217ED0-8060-49BC-9853-823A9938011C}.Debug|Any CPU.Build.0 = Debug|Any CPU
		{15217ED0-8060-49BC-9853-823A9938011C}.Release|Any CPU.ActiveCfg = Release|Any CPU
		{15217ED0-8060-49BC-9853-823A9938011C}.Release|Any CPU.Build.0 = Release|Any CPU
	EndGlobalSection
	GlobalSection(SolutionProperties) = preSolution
		HideSolutionNode = FALSE
	EndGlobalSection
	GlobalSection(ExtensibilityGlobals) = postSolution
		SolutionGuid = {A185297F-AE0C-41E1-BF91-D3DD6FE4F9E9}
	EndGlobalSection
EndGlobal
